<?xml version="1.0" encoding="utf-8"?>
<Project ToolsVersion="4.0" xmlns="http://schemas.microsoft.com/developer/msbuild/2003">
  <ItemGroup>
    <Filter Include="Source Files">
      <UniqueIdentifier>{4FC737F1-C7A5-4376-A066-2A32D752A2FF}</UniqueIdentifier>
      <Extensions>cpp;c;cc;cxx;def;odl;idl;hpj;bat;asm;asmx</Extensions>
    </Filter>
    <Filter Include="Header Files">
      <UniqueIdentifier>{93995380-89BD-4b04-88EB-625FBE52EBFB}</UniqueIdentifier>
      <Extensions>h;hh;hpp;hxx;hm;inl;inc;xsd</Extensions>
    </Filter>
    <Filter Include="Resource Files">
      <UniqueIdentifier>{67DA6AB6-F800-4c08-8B7A-83BB121AAD01}</UniqueIdentifier>
      <Extensions>rc;ico;cur;bmp;dlg;rc2;rct;bin;rgs;gif;jpg;jpeg;jpe;resx;tiff;tif;png;wav;mfcribbon-ms</Extensions>
    </Filter>
  </ItemGroup>
  <ItemGroup>
    <ClInclude Include="x264net.h">
      <Filter>Header Files</Filter>
    </ClInclude>
    <ClInclude Include="lib\x264\include\x264.h">
      <Filter>Header Files</Filter>
    </ClInclude>
    <ClInclude Include="lib\x264\include\x264_config.h">
      <Filter>Header Files</Filter>
    </ClInclude>
    <ClInclude Include="RGB_To_YUV420.h">
      <Filter>Header Files</Filter>
    </ClInclude>
    <ClInclude Include="clix.h">
      <Filter>Header Files</Filter>
    </ClInclude>
    <ClInclude Include="stringconvert.h">
      <Filter>Header Files</Filter>
    </ClInclude>
  </ItemGroup>
  <ItemGroup>
    <ClCompile Include="x264net.cpp">
      <Filter>Source Files</Filter>
    </ClCompile>
    <ClCompile Include="stringconvert.cpp">
      <Filter>Source Files</Filter>
    </ClCompile>
  </ItemGroup>
  <ItemGroup>
    <Text Include="lib\x264\licenses\x264.txt" />
  </ItemGroup>
  <ItemGroup>
    <None Include="lib\x264\debug-x64\libx264d.idb" />
    <None Include="lib\x264\debug-x64\libx264d.pdb" />
    <None Include="lib\x264\debug-x64\x264d.dll" />
    <None Include="lib\x264\debug-x86\libx264d.idb" />
    <None Include="lib\x264\debug-x86\libx264d.pdb" />
    <None Include="lib\x264\debug-x86\x264d.dll" />
    <None Include="lib\x264\release-x64\libx264.pdb" />
    <None Include="lib\x264\release-x64\x264.dll" />
    <None Include="lib\x264\release-x86\libx264.pdb" />
    <None Include="lib\x264\release-x86\x264.dll" />
  </ItemGroup>
  <ItemGroup>
    <Library Include="lib\x264\debug-x64\libx264d.lib" />
    <Library Include="lib\x264\debug-x86\libx264d.lib" />
    <Library Include="lib\x264\release-x64\libx264.lib" />
    <Library Include="lib\x264\release-x86\libx264.lib" />
  </ItemGroup>
</Project>